
Microsoft Visual Studio Solution File, Format Version 12.00
# Visual Studio Version 17
VisualStudioVersion = 17.10.34928.147
MinimumVisualStudioVersion = 10.0.40219.1
Project("{9A19103F-16F7-4668-BE54-9A1E7A4F7556}") = "new1", "new1\new1.csproj", "{2CAE300D-40DD-46B7-84DB-F9F8CA475A6B}"
EndProject
Global
	GlobalSection(SolutionConfigurationPlatforms) = preSolution
		Debug|Any CPU = Debug|Any CPU
		Release|Any CPU = Release|Any CPU
	EndGlobalSection
	GlobalSection(ProjectConfigurationPlatforms) = postSolution
		{2CAE300D-40DD-46B7-84DB-F9F8CA475A6B}.Debug|Any CPU.ActiveCfg = Debug|Any CPU
		{2CAE300D-40DD-46B7-84DB-F9F8CA475A6B}.Debug|Any CPU.Build.0 = Debug|Any CPU
		{2CAE300D-40DD-46B7-84DB-F9F8CA475A6B}.Release|Any CPU.ActiveCfg = Release|Any CPU
		{2CAE300D-40DD-46B7-84DB-F9F8CA475A6B}.Release|Any CPU.Build.0 = Release|Any CPU
	EndGlobalSection
	GlobalSection(SolutionProperties) = preSolution
		HideSolutionNode = FALSE
	EndGlobalSection
	GlobalSection(ExtensibilityGlobals) = postSolution
		SolutionGuid = {03AF479E-19D6-474D-8A20-5CA0287DDB2C}
	EndGlobalSection
EndGlobal
